
Microsoft Visual Studio Solution File, Format Version 12.00
# Visual Studio Version 17
VisualStudioVersion = 17.2.32526.322
MinimumVisualStudioVersion = 10.0.40219.1
Project("{9A19103F-16F7-4668-BE54-9A1E7A4F7556}") = "Wilgysef.DirDiff.Cli", "Wilgysef.DirDiff.Cli\Wilgysef.DirDiff.Cli.csproj", "{81B4D266-3BDA-42C2-8B85-7EB4BCAF74AA}"
EndProject
Project("{9A19103F-16F7-4668-BE54-9A1E7A4F7556}") = "Wilgysef.DirDiff", "Wilgysef.DirDiff\Wilgysef.DirDiff.csproj", "{11BD7319-0FA4-4470-BC13-659ED7654BD7}"
EndProject
Project("{2150E333-8FDC-42A3-9474-1A3956D46DE8}") = "Tests", "Tests", "{4A420B52-928A-4CD7-B22E-96C35926F749}"
EndProject
Project("{9A19103F-16F7-4668-BE54-9A1E7A4F7556}") = "Wilgysef.DirDiff.Tests", "Tests\Wilgysef.DirDiff.Tests\Wilgysef.DirDiff.Tests.csproj", "{2E21BEDF-F787-477F-84B3-42C92E82E981}"
EndProject
Project("{9A19103F-16F7-4668-BE54-9A1E7A4F7556}") = "Wilgysef.DirDiff.Cli.Tests", "Tests\Wilgysef.DirDiff.Cli.Tests\Wilgysef.DirDiff.Cli.Tests.csproj", "{F1498327-1286-4F1A-AA1F-9451F24AC3FF}"
EndProject
Global
	GlobalSection(SolutionConfigurationPlatforms) = preSolution
		Debug|Any CPU = Debug|Any CPU
		Release|Any CPU = Release|Any CPU
	EndGlobalSection
	GlobalSection(ProjectConfigurationPlatforms) = postSolution
		{81B4D266-3BDA-42C2-8B85-7EB4BCAF74AA}.Debug|Any CPU.ActiveCfg = Debug|Any CPU
		{81B4D266-3BDA-42C2-8B85-7EB4BCAF74AA}.Debug|Any CPU.Build.0 = Debug|Any CPU
		{81B4D266-3BDA-42C2-8B85-7EB4BCAF74AA}.Release|Any CPU.ActiveCfg = Release|Any CPU
		{81B4D266-3BDA-42C2-8B85-7EB4BCAF74AA}.Release|Any CPU.Build.0 = Release|Any CPU
		{11BD7319-0FA4-4470-BC13-659ED7654BD7}.Debug|Any CPU.ActiveCfg = Debug|Any CPU
		{11BD7319-0FA4-4470-BC13-659ED7654BD7}.Debug|Any CPU.Build.0 = Debug|Any CPU
		{11BD7319-0FA4-4470-BC13-659ED7654BD7}.Release|Any CPU.ActiveCfg = Release|Any CPU
		{11BD7319-0FA4-4470-BC13-659ED7654BD7}.Release|Any CPU.Build.0 = Release|Any CPU
		{2E21BEDF-F787-477F-84B3-42C92E82E981}.Debug|Any CPU.ActiveCfg = Debug|Any CPU
		{2E21BEDF-F787-477F-84B3-42C92E82E981}.Debug|Any CPU.Build.0 = Debug|Any CPU
		{2E21BEDF-F787-477F-84B3-42C92E82E981}.Release|Any CPU.ActiveCfg = Release|Any CPU
		{2E21BEDF-F787-477F-84B3-42C92E82E981}.Release|Any CPU.Build.0 = Release|Any CPU
		{F1498327-1286-4F1A-AA1F-9451F24AC3FF}.Debug|Any CPU.ActiveCfg = Debug|Any CPU
		{F1498327-1286-4F1A-AA1F-9451F24AC3FF}.Debug|Any CPU.Build.0 = Debug|Any CPU
		{F1498327-1286-4F1A-AA1F-9451F24AC3FF}.Release|Any CPU.ActiveCfg = Release|Any CPU
		{F1498327-1286-4F1A-AA1F-9451F24AC3FF}.Release|Any CPU.Build.0 = Release|Any CPU
	EndGlobalSection
	GlobalSection(SolutionProperties) = preSolution
		HideSolutionNode = FALSE
	EndGlobalSection
	GlobalSection(NestedProjects) = preSolution
		{2E21BEDF-F787-477F-84B3-42C92E82E981} = {4A420B52-928A-4CD7-B22E-96C35926F749}
		{F1498327-1286-4F1A-AA1F-9451F24AC3FF} = {4A420B52-928A-4CD7-B22E-96C35926F749}
	EndGlobalSection
	GlobalSection(ExtensibilityGlobals) = postSolution
		SolutionGuid = {F6DF0708-30C9-4DDD-98E5-79B2FEDDC6B6}
	EndGlobalSection
EndGlobal
